
Microsoft Visual Studio Solution File, Format Version 12.00
# Visual Studio Version 16
VisualStudioVersion = 16.0.30517.126
MinimumVisualStudioVersion = 10.0.40219.1
Project("{FAE04EC0-301F-11D3-BF4B-00C04F79EFBC}") = "Tutorial", "Tutorial\Tutorial.csproj", "{8E07B2C1-65FF-4FBE-973B-D694D1CCE9C3}"
EndProject
Global
	GlobalSection(SolutionConfigurationPlatforms) = preSolution
		Debug|Any CPU = Debug|Any CPU
		Release|Any CPU = Release|Any CPU
	EndGlobalSection
	GlobalSection(ProjectConfigurationPlatforms) = postSolution
		{8E07B2C1-65FF-4FBE-973B-D694D1CCE9C3}.Debug|Any CPU.ActiveCfg = Debug|Any CPU
		{8E07B2C1-65FF-4FBE-973B-D694D1CCE9C3}.Debug|Any CPU.Build.0 = Debug|Any CPU
		{8E07B2C1-65FF-4FBE-973B-D694D1CCE9C3}.Release|Any CPU.ActiveCfg = Release|Any CPU
		{8E07B2C1-65FF-4FBE-973B-D694D1CCE9C3}.Release|Any CPU.Build.0 = Release|Any CPU
	EndGlobalSection
	GlobalSection(SolutionProperties) = preSolution
		HideSolutionNode = FALSE
	EndGlobalSection
	GlobalSection(ExtensibilityGlobals) = postSolution
		SolutionGuid = {568B5D53-9EFE-4362-BA72-825DC1D15F02}
	EndGlobalSection
EndGlobal
