
Microsoft Visual Studio Solution File, Format Version 12.00
# Visual Studio Version 16
VisualStudioVersion = 16.0.30523.141
MinimumVisualStudioVersion = 10.0.40219.1
Project("{FAE04EC0-301F-11D3-BF4B-00C04F79EFBC}") = "Dapr.PoC", "Dapr.PoC\Dapr.PoC.csproj", "{779F66DC-1398-465E-8899-CA6554306631}"
EndProject
Global
	GlobalSection(SolutionConfigurationPlatforms) = preSolution
		Debug|Any CPU = Debug|Any CPU
		Release|Any CPU = Release|Any CPU
	EndGlobalSection
	GlobalSection(ProjectConfigurationPlatforms) = postSolution
		{779F66DC-1398-465E-8899-CA6554306631}.Debug|Any CPU.ActiveCfg = Debug|Any CPU
		{779F66DC-1398-465E-8899-CA6554306631}.Debug|Any CPU.Build.0 = Debug|Any CPU
		{779F66DC-1398-465E-8899-CA6554306631}.Release|Any CPU.ActiveCfg = Release|Any CPU
		{779F66DC-1398-465E-8899-CA6554306631}.Release|Any CPU.Build.0 = Release|Any CPU
	EndGlobalSection
	GlobalSection(SolutionProperties) = preSolution
		HideSolutionNode = FALSE
	EndGlobalSection
	GlobalSection(ExtensibilityGlobals) = postSolution
		SolutionGuid = {93303224-2FBF-40AD-B993-B70F52845062}
	EndGlobalSection
EndGlobal
