
Microsoft Visual Studio Solution File, Format Version 12.00
# Visual Studio Version 16
VisualStudioVersion = 16.0.30523.141
MinimumVisualStudioVersion = 10.0.40219.1
Project("{FAE04EC0-301F-11D3-BF4B-00C04F79EFBC}") = "Dapr.PoC", "Dapr.PoC\Dapr.PoC.csproj", "{779F66DC-1398-465E-8899-CA6554306631}"
EndProject
Project("{FAE04EC0-301F-11D3-BF4B-00C04F79EFBC}") = "Dapr.Savings", "Dapr.Savings\Dapr.Savings.csproj", "{2E929AEA-13BB-4C63-947D-DBF5436900FD}"
EndProject
Project("{2150E333-8FDC-42A3-9474-1A3956D46DE8}") = "Solution Items", "Solution Items", "{4732D3C0-9BA2-48F2-828E-976F7EFC2526}"
	ProjectSection(SolutionItems) = preProject
		docker-compose.yml = docker-compose.yml
	EndProjectSection
EndProject
Project("{FAE04EC0-301F-11D3-BF4B-00C04F79EFBC}") = "Dapr.Stores", "Dapr.Stores\Dapr.Stores.csproj", "{C6A7CF72-5B25-402A-B067-745F0BC402E7}"
EndProject
Project("{FAE04EC0-301F-11D3-BF4B-00C04F79EFBC}") = "Dapr.Common", "Dapr.Common\Dapr.Common.csproj", "{3AA10419-258D-433E-999F-2CC97E4D53AB}"
EndProject
Global
	GlobalSection(SolutionConfigurationPlatforms) = preSolution
		Debug|Any CPU = Debug|Any CPU
		Release|Any CPU = Release|Any CPU
	EndGlobalSection
	GlobalSection(ProjectConfigurationPlatforms) = postSolution
		{779F66DC-1398-465E-8899-CA6554306631}.Debug|Any CPU.ActiveCfg = Debug|Any CPU
		{779F66DC-1398-465E-8899-CA6554306631}.Debug|Any CPU.Build.0 = Debug|Any CPU
		{779F66DC-1398-465E-8899-CA6554306631}.Release|Any CPU.ActiveCfg = Release|Any CPU
		{779F66DC-1398-465E-8899-CA6554306631}.Release|Any CPU.Build.0 = Release|Any CPU
		{2E929AEA-13BB-4C63-947D-DBF5436900FD}.Debug|Any CPU.ActiveCfg = Debug|Any CPU
		{2E929AEA-13BB-4C63-947D-DBF5436900FD}.Debug|Any CPU.Build.0 = Debug|Any CPU
		{2E929AEA-13BB-4C63-947D-DBF5436900FD}.Release|Any CPU.ActiveCfg = Release|Any CPU
		{2E929AEA-13BB-4C63-947D-DBF5436900FD}.Release|Any CPU.Build.0 = Release|Any CPU
		{C6A7CF72-5B25-402A-B067-745F0BC402E7}.Debug|Any CPU.ActiveCfg = Debug|Any CPU
		{C6A7CF72-5B25-402A-B067-745F0BC402E7}.Debug|Any CPU.Build.0 = Debug|Any CPU
		{C6A7CF72-5B25-402A-B067-745F0BC402E7}.Release|Any CPU.ActiveCfg = Release|Any CPU
		{C6A7CF72-5B25-402A-B067-745F0BC402E7}.Release|Any CPU.Build.0 = Release|Any CPU
		{3AA10419-258D-433E-999F-2CC97E4D53AB}.Debug|Any CPU.ActiveCfg = Debug|Any CPU
		{3AA10419-258D-433E-999F-2CC97E4D53AB}.Debug|Any CPU.Build.0 = Debug|Any CPU
		{3AA10419-258D-433E-999F-2CC97E4D53AB}.Release|Any CPU.ActiveCfg = Release|Any CPU
		{3AA10419-258D-433E-999F-2CC97E4D53AB}.Release|Any CPU.Build.0 = Release|Any CPU
	EndGlobalSection
	GlobalSection(SolutionProperties) = preSolution
		HideSolutionNode = FALSE
	EndGlobalSection
	GlobalSection(ExtensibilityGlobals) = postSolution
		SolutionGuid = {93303224-2FBF-40AD-B993-B70F52845062}
	EndGlobalSection
EndGlobal
