
Microsoft Visual Studio Solution File, Format Version 12.00
# Visual Studio Version 16
VisualStudioVersion = 16.0.30517.126
MinimumVisualStudioVersion = 10.0.40219.1
Project("{2150E333-8FDC-42A3-9474-1A3956D46DE8}") = "Solution Items", "Solution Items", "{830CAA3C-F803-4FC8-87AA-7C8F271457CE}"
	ProjectSection(SolutionItems) = preProject
		Notes.txt = Notes.txt
		ServicesStartUp.ps1 = ServicesStartUp.ps1
		ServicesStartUpA.ps1 = ServicesStartUpA.ps1
		ServicesStartUpB.ps1 = ServicesStartUpB.ps1
	EndProjectSection
EndProject
Project("{9A19103F-16F7-4668-BE54-9A1E7A4F7556}") = "MicroServiceA", "src\MicroServiceA\MicroServiceA.csproj", "{18A1A2CA-604B-4A15-9F71-80383552CAD3}"
EndProject
Project("{9A19103F-16F7-4668-BE54-9A1E7A4F7556}") = "MicroServiceB", "src\MicroServiceB\MicroServiceB.csproj", "{BF03BD1D-F308-4961-B152-E9820CD2C68A}"
EndProject
Project("{9A19103F-16F7-4668-BE54-9A1E7A4F7556}") = "Shared", "src\Shared\Shared.csproj", "{B57E02A2-E36C-4D4D-8AFE-75B5C2DB6634}"
EndProject
Global
	GlobalSection(SolutionConfigurationPlatforms) = preSolution
		Debug|Any CPU = Debug|Any CPU
		Release|Any CPU = Release|Any CPU
	EndGlobalSection
	GlobalSection(ProjectConfigurationPlatforms) = postSolution
		{18A1A2CA-604B-4A15-9F71-80383552CAD3}.Debug|Any CPU.ActiveCfg = Debug|Any CPU
		{18A1A2CA-604B-4A15-9F71-80383552CAD3}.Debug|Any CPU.Build.0 = Debug|Any CPU
		{18A1A2CA-604B-4A15-9F71-80383552CAD3}.Release|Any CPU.ActiveCfg = Release|Any CPU
		{18A1A2CA-604B-4A15-9F71-80383552CAD3}.Release|Any CPU.Build.0 = Release|Any CPU
		{BF03BD1D-F308-4961-B152-E9820CD2C68A}.Debug|Any CPU.ActiveCfg = Debug|Any CPU
		{BF03BD1D-F308-4961-B152-E9820CD2C68A}.Debug|Any CPU.Build.0 = Debug|Any CPU
		{BF03BD1D-F308-4961-B152-E9820CD2C68A}.Release|Any CPU.ActiveCfg = Release|Any CPU
		{BF03BD1D-F308-4961-B152-E9820CD2C68A}.Release|Any CPU.Build.0 = Release|Any CPU
		{B57E02A2-E36C-4D4D-8AFE-75B5C2DB6634}.Debug|Any CPU.ActiveCfg = Debug|Any CPU
		{B57E02A2-E36C-4D4D-8AFE-75B5C2DB6634}.Debug|Any CPU.Build.0 = Debug|Any CPU
		{B57E02A2-E36C-4D4D-8AFE-75B5C2DB6634}.Release|Any CPU.ActiveCfg = Release|Any CPU
		{B57E02A2-E36C-4D4D-8AFE-75B5C2DB6634}.Release|Any CPU.Build.0 = Release|Any CPU
	EndGlobalSection
	GlobalSection(SolutionProperties) = preSolution
		HideSolutionNode = FALSE
	EndGlobalSection
	GlobalSection(ExtensibilityGlobals) = postSolution
		SolutionGuid = {568B5D53-9EFE-4362-BA72-825DC1D15F02}
	EndGlobalSection
EndGlobal
